
Microsoft Visual Studio Solution File, Format Version 12.00
# Visual Studio Version 17
VisualStudioVersion = 17.13.35825.156 d17.13
MinimumVisualStudioVersion = 10.0.40219.1
Project("{FAE04EC0-301F-11D3-BF4B-00C04F79EFBC}") = "BichoApi", "BichoApi.csproj", "{4CA92248-007D-46F8-81EE-D479D5184CFF}"
EndProject
Global
	GlobalSection(SolutionConfigurationPlatforms) = preSolution
		Debug|Any CPU = Debug|Any CPU
		Release|Any CPU = Release|Any CPU
	EndGlobalSection
	GlobalSection(ProjectConfigurationPlatforms) = postSolution
		{4CA92248-007D-46F8-81EE-D479D5184CFF}.Debug|Any CPU.ActiveCfg = Debug|Any CPU
		{4CA92248-007D-46F8-81EE-D479D5184CFF}.Debug|Any CPU.Build.0 = Debug|Any CPU
		{4CA92248-007D-46F8-81EE-D479D5184CFF}.Release|Any CPU.ActiveCfg = Release|Any CPU
		{4CA92248-007D-46F8-81EE-D479D5184CFF}.Release|Any CPU.Build.0 = Release|Any CPU
	EndGlobalSection
	GlobalSection(SolutionProperties) = preSolution
		HideSolutionNode = FALSE
	EndGlobalSection
	GlobalSection(ExtensibilityGlobals) = postSolution
		SolutionGuid = {F6039DCC-E8C0-4DDF-8367-88761EC91565}
	EndGlobalSection
EndGlobal
